dependencies:
  '@actions/core': 1.2.6
  '@actions/github': 4.0.0
devDependencies:
  '@types/node': 14.14.0
  '@typescript-eslint/eslint-plugin': 4.5.0_@typescript-eslint+parser@4.5.0
  '@typescript-eslint/parser': 4.5.0
lockfileVersion: 5.1
packages:
  /@actions/core/1.2.6:
    dev: false
    resolution:
      integrity: sha512-ZQYitnqiyBc3D+k7LsgSBmMDVkOVidaagDG7j3fOym77jNunWRuYx7VSHa9GNfFZh+zh61xsCjRj4JxMZlDqTA==
  /@actions/github/4.0.0:
    dependencies:
      '@actions/http-client': 1.0.9
      '@octokit/core': 3.1.3
      '@octokit/plugin-paginate-rest': 2.4.0_@octokit+core@3.1.3
      '@octokit/plugin-rest-endpoint-methods': 4.2.0
    dev: false
    resolution:
      integrity: sha512-Ej/Y2E+VV6sR9X7pWL5F3VgEWrABaT292DRqRU6R4hnQjPtC/zD3nagxVdXWiRQvYDh8kHXo7IDmG42eJ/dOMA==
  /@actions/http-client/1.0.9:
    dependencies:
      tunnel: 0.0.6
    dev: false
    resolution:
      integrity: sha512-0O4SsJ7q+MK0ycvXPl2e6bMXV7dxAXOGjrXS1eTF9s2S401Tp6c/P3c3Joz04QefC1J6Gt942Wl2jbm3f4mLcg==
  /@nodelib/fs.scandir/2.1.3:
    dependencies:
      '@nodelib/fs.stat': 2.0.3
      run-parallel: 1.1.9
    dev: true
    engines:
      node: '>= 8'
    resolution:
      integrity: sha512-eGmwYQn3gxo4r7jdQnkrrN6bY478C3P+a/y72IJukF8LjB6ZHeB3c+Ehacj3sYeSmUXGlnA67/PmbM9CVwL7Dw==
  /@nodelib/fs.stat/2.0.3:
    dev: true
    engines:
      node: '>= 8'
    resolution:
      integrity: sha512-bQBFruR2TAwoevBEd/NWMoAAtNGzTRgdrqnYCc7dhzfoNvqPzLyqlEQnzZ3kVnNrSp25iyxE00/3h2fqGAGArA==
  /@nodelib/fs.walk/1.2.4:
    dependencies:
      '@nodelib/fs.scandir': 2.1.3
      fastq: 1.8.0
    dev: true
    engines:
      node: '>= 8'
    resolution:
      integrity: sha512-1V9XOY4rDW0rehzbrcqAmHnz8e7SKvX27gh8Gt2WgB0+pdzdiLV83p72kZPU+jvMbS1qU5mauP2iOvO8rhmurQ==
  /@octokit/auth-token/2.4.2:
    dependencies:
      '@octokit/types': 5.5.0
    dev: false
    resolution:
      integrity: sha512-jE/lE/IKIz2v1+/P0u4fJqv0kYwXOTujKemJMFr6FeopsxlIK3+wKDCJGnysg81XID5TgZQbIfuJ5J0lnTiuyQ==
  /@octokit/core/3.1.3:
    dependencies:
      '@octokit/auth-token': 2.4.2
      '@octokit/graphql': 4.5.6
      '@octokit/request': 5.4.9
      '@octokit/types': 5.5.0
      before-after-hook: 2.1.0
      universal-user-agent: 6.0.0
    dev: false
    resolution:
      integrity: sha512-s5UyENGUQBB+ocEOulXq6UH5J16fxuKY2J7ZYrIu9oJYAn0nCwM8hC8o4L23HEzU0SFzNEX86+ffc1T3Vr2ybg==
  /@octokit/endpoint/6.0.8:
    dependencies:
      '@octokit/types': 5.5.0
      is-plain-object: 5.0.0
      universal-user-agent: 6.0.0
    dev: false
    resolution:
      integrity: sha512-MuRrgv+bM4Q+e9uEvxAB/Kf+Sj0O2JAOBA131uo1o6lgdq1iS8ejKwtqHgdfY91V3rN9R/hdGKFiQYMzVzVBEQ==
  /@octokit/graphql/4.5.6:
    dependencies:
      '@octokit/request': 5.4.9
      '@octokit/types': 5.5.0
      universal-user-agent: 6.0.0
    dev: false
    resolution:
      integrity: sha512-Rry+unqKTa3svswT2ZAuqenpLrzJd+JTv89LTeVa5UM/5OX8o4KTkPL7/1ABq4f/ZkELb0XEK/2IEoYwykcLXg==
  /@octokit/plugin-paginate-rest/2.4.0_@octokit+core@3.1.3:
    dependencies:
      '@octokit/core': 3.1.3
      '@octokit/types': 5.5.0
    dev: false
    peerDependencies:
      '@octokit/core': '>=2'
    resolution:
      integrity: sha512-YT6Klz3LLH6/nNgi0pheJnUmTFW4kVnxGft+v8Itc41IIcjl7y1C8TatmKQBbCSuTSNFXO5pCENnqg6sjwpJhg==
  /@octokit/plugin-rest-endpoint-methods/4.2.0:
    dependencies:
      '@octokit/types': 5.5.0
      deprecation: 2.3.1
    dev: false
    resolution:
      integrity: sha512-1/qn1q1C1hGz6W/iEDm9DoyNoG/xdFDt78E3eZ5hHeUfJTLJgyAMdj9chL/cNBHjcjd+FH5aO1x0VCqR2RE0mw==
  /@octokit/request-error/2.0.2:
    dependencies:
      '@octokit/types': 5.5.0
      deprecation: 2.3.1
      once: 1.4.0
    dev: false
    resolution:
      integrity: sha512-2BrmnvVSV1MXQvEkrb9zwzP0wXFNbPJij922kYBTLIlIafukrGOb+ABBT2+c6wZiuyWDH1K1zmjGQ0toN/wMWw==
  /@octokit/request/5.4.9:
    dependencies:
      '@octokit/endpoint': 6.0.8
      '@octokit/request-error': 2.0.2
      '@octokit/types': 5.5.0
      deprecation: 2.3.1
      is-plain-object: 5.0.0
      node-fetch: 2.6.1
      once: 1.4.0
      universal-user-agent: 6.0.0
    dev: false
    resolution:
      integrity: sha512-CzwVvRyimIM1h2n9pLVYfTDmX9m+KHSgCpqPsY8F1NdEK8IaWqXhSBXsdjOBFZSpEcxNEeg4p0UO9cQ8EnOCLA==
  /@octokit/types/5.5.0:
    dependencies:
      '@types/node': 14.14.0
    dev: false
    resolution:
      integrity: sha512-UZ1pErDue6bZNjYOotCNveTXArOMZQFG6hKJfOnGnulVCMcVVi7YIIuuR4WfBhjo7zgpmzn/BkPDnUXtNx+PcQ==
  /@types/json-schema/7.0.6:
    dev: true
    resolution:
      integrity: sha512-3c+yGKvVP5Y9TYBEibGNR+kLtijnj7mYrXRg+WpFb2X9xm04g/DXYkfg4hmzJQosc9snFNUPkbYIhu+KAm6jJw==
  /@types/node/14.14.0:
    resolution:
      integrity: sha512-BfbIHP9IapdupGhq/hc+jT5dyiBVZ2DdeC5WwJWQWDb0GijQlzUFAeIQn/2GtvZcd2HVUU7An8felIICFTC2qg==
  /@typescript-eslint/eslint-plugin/4.5.0_@typescript-eslint+parser@4.5.0:
    dependencies:
      '@typescript-eslint/experimental-utils': 4.5.0
      '@typescript-eslint/parser': 4.5.0
      '@typescript-eslint/scope-manager': 4.5.0
      debug: 4.2.0
      functional-red-black-tree: 1.0.1
      regexpp: 3.1.0
      semver: 7.3.2
      tsutils: 3.17.1
    dev: true
    engines:
      node: ^10.12.0 || >=12.0.0
    peerDependencies:
      '@typescript-eslint/parser': ^4.0.0
      eslint: ^5.0.0 || ^6.0.0 || ^7.0.0
      typescript: '*'
    peerDependenciesMeta:
      typescript:
        optional: true
    resolution:
      integrity: sha512-mjb/gwNcmDKNt+6mb7Aj/TjKzIJjOPcoCJpjBQC9ZnTRnBt1p4q5dJSSmIqAtsZ/Pff5N+hJlbiPc5bl6QN4OQ==
  /@typescript-eslint/experimental-utils/4.5.0:
    dependencies:
      '@types/json-schema': 7.0.6
      '@typescript-eslint/scope-manager': 4.5.0
      '@typescript-eslint/types': 4.5.0
      '@typescript-eslint/typescript-estree': 4.5.0
      eslint-scope: 5.1.1
      eslint-utils: 2.1.0
    dev: true
    engines:
      node: ^10.12.0 || >=12.0.0
    peerDependencies:
      eslint: '*'
    resolution:
      integrity: sha512-bW9IpSAKYvkqDGRZzayBXIgPsj2xmmVHLJ+flGSoN0fF98pGoKFhbunIol0VF2Crka7z984EEhFi623Rl7e6gg==
  /@typescript-eslint/parser/4.5.0:
    dependencies:
      '@typescript-eslint/scope-manager': 4.5.0
      '@typescript-eslint/types': 4.5.0
      '@typescript-eslint/typescript-estree': 4.5.0
      debug: 4.2.0
    dev: true
    engines:
      node: ^10.12.0 || >=12.0.0
    peerDependencies:
      eslint: ^5.0.0 || ^6.0.0 || ^7.0.0
      typescript: '*'
    peerDependenciesMeta:
      typescript:
        optional: true
    resolution:
      integrity: sha512-xb+gmyhQcnDWe+5+xxaQk5iCw6KqXd8VQxGiTeELTMoYeRjpocZYYRP1gFVM2C8Yl0SpUvLa1lhprwqZ00w3Iw==
  /@typescript-eslint/scope-manager/4.5.0:
    dependencies:
      '@typescript-eslint/types': 4.5.0
      '@typescript-eslint/visitor-keys': 4.5.0
    dev: true
    engines:
      node: ^8.10.0 || ^10.13.0 || >=11.10.1
    resolution:
      integrity: sha512-C0cEO0cTMPJ/w4RA/KVe4LFFkkSh9VHoFzKmyaaDWAnPYIEzVCtJ+Un8GZoJhcvq+mPFXEsXa01lcZDHDG6Www==
  /@typescript-eslint/types/4.5.0:
    dev: true
    engines:
      node: ^8.10.0 || ^10.13.0 || >=11.10.1
    resolution:
      integrity: sha512-n2uQoXnyWNk0Les9MtF0gCK3JiWd987JQi97dMSxBOzVoLZXCNtxFckVqt1h8xuI1ix01t+iMY4h4rFMj/303g==
  /@typescript-eslint/typescript-estree/4.5.0:
    dependencies:
      '@typescript-eslint/types': 4.5.0
      '@typescript-eslint/visitor-keys': 4.5.0
      debug: 4.2.0
      globby: 11.0.1
      is-glob: 4.0.1
      lodash: 4.17.20
      semver: 7.3.2
      tsutils: 3.17.1
    dev: true
    engines:
      node: ^10.12.0 || >=12.0.0
    peerDependencies:
      typescript: '*'
    peerDependenciesMeta:
      typescript:
        optional: true
    resolution:
      integrity: sha512-gN1mffq3zwRAjlYWzb5DanarOPdajQwx5MEWkWCk0XvqC8JpafDTeioDoow2L4CA/RkYZu7xEsGZRhqrTsAG8w==
  /@typescript-eslint/visitor-keys/4.5.0:
    dependencies:
      '@typescript-eslint/types': 4.5.0
      eslint-visitor-keys: 2.0.0
    dev: true
    engines:
      node: ^8.10.0 || ^10.13.0 || >=11.10.1
    resolution:
      integrity: sha512-UHq4FSa55NDZqscRU//O5ROFhHa9Hqn9KWTEvJGTArtTQp5GKv9Zqf6d/Q3YXXcFv4woyBml7fJQlQ+OuqRcHA==
  /array-union/2.1.0:
    dev: true
    engines:
      node: '>=8'
    resolution:
      integrity: sha512-HGyxoOTYUyCM6stUe6EJgnd4EoewAI7zMdfqO+kGjnlZmBDz/cR5pf8r/cR4Wq60sL/p0IkcjUEEPwS3GFrIyw==
  /before-after-hook/2.1.0:
    dev: false
    resolution:
      integrity: sha512-IWIbu7pMqyw3EAJHzzHbWa85b6oud/yfKYg5rqB5hNE8CeMi3nX+2C2sj0HswfblST86hpVEOAb9x34NZd6P7A==
  /braces/3.0.2:
    dependencies:
      fill-range: 7.0.1
    dev: true
    engines:
      node: '>=8'
    resolution:
      integrity: sha512-b8um+L1RzM3WDSzvhm6gIz1yfTbBt6YTlcEKAvsmqCZZFw46z626lVj9j1yEPW33H5H+lBQpZMP1k8l+78Ha0A==
  /debug/4.2.0:
    dependencies:
      ms: 2.1.2
    dev: true
    engines:
      node: '>=6.0'
    peerDependencies:
      supports-color: '*'
    peerDependenciesMeta:
      supports-color:
        optional: true
    resolution:
      integrity: sha512-IX2ncY78vDTjZMFUdmsvIRFY2Cf4FnD0wRs+nQwJU8Lu99/tPFdb0VybiiMTPe3I6rQmwsqQqRBvxU+bZ/I8sg==
  /deprecation/2.3.1:
    dev: false
    resolution:
      integrity: sha512-xmHIy4F3scKVwMsQ4WnVaS8bHOx0DmVwRywosKhaILI0ywMDWPtBSku2HNxRvF7jtwDRsoEwYQSfbxj8b7RlJQ==
  /dir-glob/3.0.1:
    dependencies:
      path-type: 4.0.0
    dev: true
    engines:
      node: '>=8'
    resolution:
      integrity: sha512-WkrWp9GR4KXfKGYzOLmTuGVi1UWFfws377n9cc55/tb6DuqyF6pcQ5AbiHEshaDpY9v6oaSr2XCDidGmMwdzIA==
  /eslint-scope/5.1.1:
    dependencies:
      esrecurse: 4.3.0
      estraverse: 4.3.0
    dev: true
    engines:
      node: '>=8.0.0'
    resolution:
      integrity: sha512-2NxwbF/hZ0KpepYN0cNbo+FN6XoK7GaHlQhgx/hIZl6Va0bF45RQOOwhLIy8lQDbuCiadSLCBnH2CFYquit5bw==
  /eslint-utils/2.1.0:
    dependencies:
      eslint-visitor-keys: 1.3.0
    dev: true
    engines:
      node: '>=6'
    resolution:
      integrity: sha512-w94dQYoauyvlDc43XnGB8lU3Zt713vNChgt4EWwhXAP2XkBvndfxF0AgIqKOOasjPIPzj9JqgwkwbCYD0/V3Zg==
  /eslint-visitor-keys/1.3.0:
    dev: true
    engines:
      node: '>=4'
    resolution:
      integrity: sha512-6J72N8UNa462wa/KFODt/PJ3IU60SDpC3QXC1Hjc1BXXpfL2C9R5+AU7jhe0F6GREqVMh4Juu+NY7xn+6dipUQ==
  /eslint-visitor-keys/2.0.0:
    dev: true
    engines:
      node: '>=10'
    resolution:
      integrity: sha512-QudtT6av5WXels9WjIM7qz1XD1cWGvX4gGXvp/zBn9nXG02D0utdU3Em2m/QjTnrsk6bBjmCygl3rmj118msQQ==
  /esrecurse/4.3.0:
    dependencies:
      estraverse: 5.2.0
    dev: true
    engines:
      node: '>=4.0'
    resolution:
      integrity: sha512-KmfKL3b6G+RXvP8N1vr3Tq1kL/oCFgn2NYXEtqP8/L3pKapUA4G8cFVaoF3SU323CD4XypR/ffioHmkti6/Tag==
  /estraverse/4.3.0:
    dev: true
    engines:
      node: '>=4.0'
    resolution:
      integrity: sha512-39nnKffWz8xN1BU/2c79n9nB9HDzo0niYUqx6xyqUnyoAnQyyWpOTdZEeiCch8BBu515t4wp9ZmgVfVhn9EBpw==
  /estraverse/5.2.0:
    dev: true
    engines:
      node: '>=4.0'
    resolution:
      integrity: sha512-BxbNGGNm0RyRYvUdHpIwv9IWzeM9XClbOxwoATuFdOE7ZE6wHL+HQ5T8hoPM+zHvmKzzsEqhgy0GrQ5X13afiQ==
  /fast-glob/3.2.4:
    dependencies:
      '@nodelib/fs.stat': 2.0.3
      '@nodelib/fs.walk': 1.2.4
      glob-parent: 5.1.1
      merge2: 1.4.1
      micromatch: 4.0.2
      picomatch: 2.2.2
    dev: true
    engines:
      node: '>=8'
    resolution:
      integrity: sha512-kr/Oo6PX51265qeuCYsyGypiO5uJFgBS0jksyG7FUeCyQzNwYnzrNIMR1NXfkZXsMYXYLRAHgISHBz8gQcxKHQ==
  /fastq/1.8.0:
    dependencies:
      reusify: 1.0.4
    dev: true
    resolution:
      integrity: sha512-SMIZoZdLh/fgofivvIkmknUXyPnvxRE3DhtZ5Me3Mrsk5gyPL42F0xr51TdRXskBxHfMp+07bcYzfsYEsSQA9Q==
  /fill-range/7.0.1:
    dependencies:
      to-regex-range: 5.0.1
    dev: true
    engines:
      node: '>=8'
    resolution:
      integrity: sha512-qOo9F+dMUmC2Lcb4BbVvnKJxTPjCm+RRpe4gDuGrzkL7mEVl/djYSu2OdQ2Pa302N4oqkSg9ir6jaLWJ2USVpQ==
  /functional-red-black-tree/1.0.1:
    dev: true
    resolution:
      integrity: sha1-GwqzvVU7Kg1jmdKcDj6gslIHgyc=
  /glob-parent/5.1.1:
    dependencies:
      is-glob: 4.0.1
    dev: true
    engines:
      node: '>= 6'
    resolution:
      integrity: sha512-FnI+VGOpnlGHWZxthPGR+QhR78fuiK0sNLkHQv+bL9fQi57lNNdquIbna/WrfROrolq8GK5Ek6BiMwqL/voRYQ==
  /globby/11.0.1:
    dependencies:
      array-union: 2.1.0
      dir-glob: 3.0.1
      fast-glob: 3.2.4
      ignore: 5.1.8
      merge2: 1.4.1
      slash: 3.0.0
    dev: true
    engines:
      node: '>=10'
    resolution:
      integrity: sha512-iH9RmgwCmUJHi2z5o2l3eTtGBtXek1OYlHrbcxOYugyHLmAsZrPj43OtHThd62Buh/Vv6VyCBD2bdyWcGNQqoQ==
  /ignore/5.1.8:
    dev: true
    engines:
      node: '>= 4'
    resolution:
      integrity: sha512-BMpfD7PpiETpBl/A6S498BaIJ6Y/ABT93ETbby2fP00v4EbvPBXWEoaR1UBPKs3iR53pJY7EtZk5KACI57i1Uw==
  /is-extglob/2.1.1:
    dev: true
    engines:
      node: '>=0.10.0'
    resolution:
      integrity: sha1-qIwCU1eR8C7TfHahueqXc8gz+MI=
  /is-glob/4.0.1:
    dependencies:
      is-extglob: 2.1.1
    dev: true
    engines:
      node: '>=0.10.0'
    resolution:
      integrity: sha512-5G0tKtBTFImOqDnLB2hG6Bp2qcKEFduo4tZu9MT/H6NQv/ghhy30o55ufafxJ/LdH79LLs2Kfrn85TLKyA7BUg==
  /is-number/7.0.0:
    dev: true
    engines:
      node: '>=0.12.0'
    resolution:
      integrity: sha512-41Cifkg6e8TylSpdtTpeLVMqvSBEVzTttHvERD741+pnZ8ANv0004MRL43QKPDlK9cGvNp6NZWZUBlbGXYxxng==
  /is-plain-object/5.0.0:
    dev: false
    engines:
      node: '>=0.10.0'
    resolution:
      integrity: sha512-VRSzKkbMm5jMDoKLbltAkFQ5Qr7VDiTFGXxYFXXowVj387GeGNOCsOH6Msy00SGZ3Fp84b1Naa1psqgcCIEP5Q==
  /lodash/4.17.20:
    dev: true
    resolution:
      integrity: sha512-PlhdFcillOINfeV7Ni6oF1TAEayyZBoZ8bcshTHqOYJYlrqzRK5hagpagky5o4HfCzzd1TRkXPMFq6cKk9rGmA==
  /merge2/1.4.1:
    dev: true
    engines:
      node: '>= 8'
    resolution:
      integrity: sha512-8q7VEgMJW4J8tcfVPy8g09NcQwZdbwFEqhe/WZkoIzjn/3TGDwtOCYtXGxA3O8tPzpczCCDgv+P2P5y00ZJOOg==
  /micromatch/4.0.2:
    dependencies:
      braces: 3.0.2
      picomatch: 2.2.2
    dev: true
    engines:
      node: '>=8'
    resolution:
      integrity: sha512-y7FpHSbMUMoyPbYUSzO6PaZ6FyRnQOpHuKwbo1G+Knck95XVU4QAiKdGEnj5wwoS7PlOgthX/09u5iFJ+aYf5Q==
  /ms/2.1.2:
    dev: true
    resolution:
      integrity: sha512-sGkPx+VjMtmA6MX27oA4FBFELFCZZ4S4XqeGOXCv68tT+jb3vk/RyaKWP0PTKyWtmLSM0b+adUTEvbs1PEaH2w==
  /node-fetch/2.6.1:
    dev: false
    engines:
      node: 4.x || >=6.0.0
    resolution:
      integrity: sha512-V4aYg89jEoVRxRb2fJdAg8FHvI7cEyYdVAh94HH0UIK8oJxUfkjlDQN9RbMx+bEjP7+ggMiFRprSti032Oipxw==
  /once/1.4.0:
    dependencies:
      wrappy: 1.0.2
    dev: false
    resolution:
      integrity: sha1-WDsap3WWHUsROsF9nFC6753Xa9E=
  /path-type/4.0.0:
    dev: true
    engines:
      node: '>=8'
    resolution:
      integrity: sha512-gDKb8aZMDeD/tZWs9P6+q0J9Mwkdl6xMV8TjnGP3qJVJ06bdMgkbBlLU8IdfOsIsFz2BW1rNVT3XuNEl8zPAvw==
  /picomatch/2.2.2:
    dev: true
    engines:
      node: '>=8.6'
    resolution:
      integrity: sha512-q0M/9eZHzmr0AulXyPwNfZjtwZ/RBZlbN3K3CErVrk50T2ASYI7Bye0EvekFY3IP1Nt2DHu0re+V2ZHIpMkuWg==
  /regexpp/3.1.0:
    dev: true
    engines:
      node: '>=8'
    resolution:
      integrity: sha512-ZOIzd8yVsQQA7j8GCSlPGXwg5PfmA1mrq0JP4nGhh54LaKN3xdai/vHUDu74pKwV8OxseMS65u2NImosQcSD0Q==
  /reusify/1.0.4:
    dev: true
    engines:
      iojs: '>=1.0.0'
      node: '>=0.10.0'
    resolution:
      integrity: sha512-U9nH88a3fc/ekCF1l0/UP1IosiuIjyTh7hBvXVMHYgVcfGvt897Xguj2UOLDeI5BG2m7/uwyaLVT6fbtCwTyzw==
  /run-parallel/1.1.9:
    dev: true
    resolution:
      integrity: sha512-DEqnSRTDw/Tc3FXf49zedI638Z9onwUotBMiUFKmrO2sdFKIbXamXGQ3Axd4qgphxKB4kw/qP1w5kTxnfU1B9Q==
  /semver/7.3.2:
    dev: true
    engines:
      node: '>=10'
    hasBin: true
    resolution:
      integrity: sha512-OrOb32TeeambH6UrhtShmF7CRDqhL6/5XpPNp2DuRH6+9QLw/orhp72j87v8Qa1ScDkvrrBNpZcDejAirJmfXQ==
  /slash/3.0.0:
    dev: true
    engines:
      node: '>=8'
    resolution:
      integrity: sha512-g9Q1haeby36OSStwb4ntCGGGaKsaVSjQ68fBxoQcutl5fS1vuY18H3wSt3jFyFtrkx+Kz0V1G85A4MyAdDMi2Q==
  /to-regex-range/5.0.1:
    dependencies:
      is-number: 7.0.0
    dev: true
    engines:
      node: '>=8.0'
    resolution:
      integrity: sha512-65P7iz6X5yEr1cwcgvQxbbIw7Uk3gOy5dIdtZ4rDveLqhrdJP+Li/Hx6tyK0NEb+2GCyneCMJiGqrADCSNk8sQ==
  /tslib/1.14.1:
    dev: true
    resolution:
      integrity: sha512-Xni35NKzjgMrwevysHTCArtLDpPvye8zV/0E4EyYn43P7/7qvQwPh9BGkHewbMulVntbigmcT7rdX3BNo9wRJg==
  /tsutils/3.17.1:
    dependencies:
      tslib: 1.14.1
    dev: true
    engines:
      node: '>= 6'
    peerDependencies:
      typescript: '>=2.8.0 || >= 3.2.0-dev || >= 3.3.0-dev || >= 3.4.0-dev || >= 3.5.0-dev || >= 3.6.0-dev || >= 3.6.0-beta || >= 3.7.0-dev || >= 3.7.0-beta'
    resolution:
      integrity: sha512-kzeQ5B8H3w60nFY2g8cJIuH7JDpsALXySGtwGJ0p2LSjLgay3NdIpqq5SoOBe46bKDW2iq25irHCr8wjomUS2g==
  /tunnel/0.0.6:
    dev: false
    engines:
      node: '>=0.6.11 <=0.7.0 || >=0.7.3'
    resolution:
      integrity: sha512-1h/Lnq9yajKY2PEbBadPXj3VxsDDu844OnaAo52UVmIzIvwwtBPIuNvkjuzBlTWpfJyUbG3ez0KSBibQkj4ojg==
  /universal-user-agent/6.0.0:
    dev: false
    resolution:
      integrity: sha512-isyNax3wXoKaulPDZWHQqbmIx1k2tb9fb3GGDBRxCscfYV2Ch7WxPArBsFEG8s/safwXTT7H4QGhaIkTp9447w==
  /wrappy/1.0.2:
    dev: false
    resolution:
      integrity: sha1-tSQ9jz7BqjXxNkYFvA0QNuMKtp8=
specifiers:
  '@actions/core': ^1.2.6
  '@actions/github': ^4.0.0
  '@types/node': ^14.14.0
  '@typescript-eslint/eslint-plugin': ^4.5.0
  '@typescript-eslint/parser': ^4.5.0
